
Microsoft Visual Studio Solution File, Format Version 12.00
# Visual Studio 15
VisualStudioVersion = 15.0.27703.2026
MinimumVisualStudioVersion = 10.0.40219.1
Project("{8BC9CEB8-8B4A-11D0-8D11-00A0C91BC942}") = "wmi-static-spoofer", "WMIC_static_spoofer\WMIC_static_spoofer.vcxproj", "{77C43D6F-10D9-4E84-994A-4A1FB4208254}"
EndProject
Global
	GlobalSection(SolutionConfigurationPlatforms) = preSolution
		Debug|ARM = Debug|ARM
		Debug|ARM64 = Debug|ARM64
		Debug|x64 = Debug|x64
		Debug|x86 = Debug|x86
		Release|ARM = Release|ARM
		Release|ARM64 = Release|ARM64
		Release|x64 = Release|x64
		Release|x86 = Release|x86
	EndGlobalSection
	GlobalSection(ProjectConfigurationPlatforms) = postSolution
		{77C43D6F-10D9-4E84-994A-4A1FB4208254}.Debug|ARM.ActiveCfg = Debug|ARM
		{77C43D6F-10D9-4E84-994A-4A1FB4208254}.Debug|ARM.Build.0 = Debug|ARM
		{77C43D6F-10D9-4E84-994A-4A1FB4208254}.Debug|ARM.Deploy.0 = Debug|ARM
		{77C43D6F-10D9-4E84-994A-4A1FB4208254}.Debug|ARM64.ActiveCfg = Debug|ARM64
		{77C43D6F-10D9-4E84-994A-4A1FB4208254}.Debug|ARM64.Build.0 = Debug|ARM64
		{77C43D6F-10D9-4E84-994A-4A1FB4208254}.Debug|ARM64.Deploy.0 = Debug|ARM64
		{77C43D6F-10D9-4E84-994A-4A1FB4208254}.Debug|x64.ActiveCfg = Debug|x64
		{77C43D6F-10D9-4E84-994A-4A1FB4208254}.Debug|x64.Build.0 = Debug|x64
		{77C43D6F-10D9-4E84-994A-4A1FB4208254}.Debug|x64.Deploy.0 = Debug|x64
		{77C43D6F-10D9-4E84-994A-4A1FB4208254}.Debug|x86.ActiveCfg = Debug|Win32
		{77C43D6F-10D9-4E84-994A-4A1FB4208254}.Debug|x86.Build.0 = Debug|Win32
		{77C43D6F-10D9-4E84-994A-4A1FB4208254}.Debug|x86.Deploy.0 = Debug|Win32
		{77C43D6F-10D9-4E84-994A-4A1FB4208254}.Release|ARM.ActiveCfg = Release|ARM
		{77C43D6F-10D9-4E84-994A-4A1FB4208254}.Release|ARM.Build.0 = Release|ARM
		{77C43D6F-10D9-4E84-994A-4A1FB4208254}.Release|ARM.Deploy.0 = Release|ARM
		{77C43D6F-10D9-4E84-994A-4A1FB4208254}.Release|ARM64.ActiveCfg = Release|ARM64
		{77C43D6F-10D9-4E84-994A-4A1FB4208254}.Release|ARM64.Build.0 = Release|ARM64
		{77C43D6F-10D9-4E84-994A-4A1FB4208254}.Release|ARM64.Deploy.0 = Release|ARM64
		{77C43D6F-10D9-4E84-994A-4A1FB4208254}.Release|x64.ActiveCfg = Release|x64
		{77C43D6F-10D9-4E84-994A-4A1FB4208254}.Release|x64.Build.0 = Release|x64
		{77C43D6F-10D9-4E84-994A-4A1FB4208254}.Release|x64.Deploy.0 = Release|x64
		{77C43D6F-10D9-4E84-994A-4A1FB4208254}.Release|x86.ActiveCfg = Release|Win32
		{77C43D6F-10D9-4E84-994A-4A1FB4208254}.Release|x86.Build.0 = Release|Win32
		{77C43D6F-10D9-4E84-994A-4A1FB4208254}.Release|x86.Deploy.0 = Release|Win32
	EndGlobalSection
	GlobalSection(SolutionProperties) = preSolution
		HideSolutionNode = FALSE
	EndGlobalSection
	GlobalSection(ExtensibilityGlobals) = postSolution
		SolutionGuid = {14FE4697-31E9-41D8-BE65-2C067A84308C}
	EndGlobalSection
EndGlobal
